
Microsoft Visual Studio Solution File, Format Version 12.00
# Visual Studio 15
VisualStudioVersion = 15.0.27703.2042
MinimumVisualStudioVersion = 10.0.40219.1
Project("{FAE04EC0-301F-11D3-BF4B-00C04F79EFBC}") = "LDAssistant", "LDAssistant\LDAssistant.csproj", "{53D5B6EC-FDC4-4474-982C-E8C4662CC671}"
EndProject
Project("{FAE04EC0-301F-11D3-BF4B-00C04F79EFBC}") = "DAL", "DAL\DAL.csproj", "{EC0C4E5B-0B6A-4BF1-AF50-6F2C08396FF4}"
EndProject
Project("{FAE04EC0-301F-11D3-BF4B-00C04F79EFBC}") = "BLL", "BLL\BLL.csproj", "{1ED5F1A4-A761-454C-8343-8D29CDBAE4B1}"
EndProject
Global
	GlobalSection(SolutionConfigurationPlatforms) = preSolution
		Debug|Any CPU = Debug|Any CPU
		Release|Any CPU = Release|Any CPU
	EndGlobalSection
	GlobalSection(ProjectConfigurationPlatforms) = postSolution
		{53D5B6EC-FDC4-4474-982C-E8C4662CC671}.Debug|Any CPU.ActiveCfg = Debug|Any CPU
		{53D5B6EC-FDC4-4474-982C-E8C4662CC671}.Debug|Any CPU.Build.0 = Debug|Any CPU
		{53D5B6EC-FDC4-4474-982C-E8C4662CC671}.Release|Any CPU.ActiveCfg = Release|Any CPU
		{53D5B6EC-FDC4-4474-982C-E8C4662CC671}.Release|Any CPU.Build.0 = Release|Any CPU
		{EC0C4E5B-0B6A-4BF1-AF50-6F2C08396FF4}.Debug|Any CPU.ActiveCfg = Debug|Any CPU
		{EC0C4E5B-0B6A-4BF1-AF50-6F2C08396FF4}.Debug|Any CPU.Build.0 = Debug|Any CPU
		{EC0C4E5B-0B6A-4BF1-AF50-6F2C08396FF4}.Release|Any CPU.ActiveCfg = Release|Any CPU
		{EC0C4E5B-0B6A-4BF1-AF50-6F2C08396FF4}.Release|Any CPU.Build.0 = Release|Any CPU
		{1ED5F1A4-A761-454C-8343-8D29CDBAE4B1}.Debug|Any CPU.ActiveCfg = Debug|Any CPU
		{1ED5F1A4-A761-454C-8343-8D29CDBAE4B1}.Debug|Any CPU.Build.0 = Debug|Any CPU
		{1ED5F1A4-A761-454C-8343-8D29CDBAE4B1}.Release|Any CPU.ActiveCfg = Release|Any CPU
		{1ED5F1A4-A761-454C-8343-8D29CDBAE4B1}.Release|Any CPU.Build.0 = Release|Any CPU
	EndGlobalSection
	GlobalSection(SolutionProperties) = preSolution
		HideSolutionNode = FALSE
	EndGlobalSection
	GlobalSection(ExtensibilityGlobals) = postSolution
		SolutionGuid = {54669743-AE53-4D8F-8FA3-707F1EF002EF}
	EndGlobalSection
EndGlobal
